// !$*UTF8*$!
{
	archiveVersion = 1;
	classes = {
	};
	objectVersion = 56;
	objects = {

/* Begin PBXBuildFile section */
		E100000000000000000000E1 /* PDFReflowApp.swift in Sources */ = {isa = PBXBuildFile; fileRef = F100000000000000000000F1 /* PDFReflowApp.swift */; };
		E200000000000000000000E2 /* ContentView.swift in Sources */ = {isa = PBXBuildFile; fileRef = F200000000000000000000F2 /* ContentView.swift */; };
		E300000000000000000000E3 /* PDFViewer.swift in Sources */ = {isa = PBXBuildFile; fileRef = F300000000000000000000F3 /* PDFViewer.swift */; };
		E400000000000000000000E4 /* ReflowEngine.swift in Sources */ = {isa = PBXBuildFile; fileRef = F400000000000000000000F4 /* ReflowEngine.swift */; };
		E500000000000000000000E5 /* BridgeSchemeHandler.swift in Sources */ = {isa = PBXBuildFile; fileRef = F500000000000000000000F5 /* BridgeSchemeHandler.swift */; };
		E600000000000000000000E6 /* Assets.xcassets in Resources */ = {isa = PBXBuildFile; fileRef = F600000000000000000000F6 /* Assets.xcassets */; };
		E700000000000000000000E7 /* ReflowBridge in Resources */ = {isa = PBXBuildFile; fileRef = F700000000000000000000F7 /* ReflowBridge */; };
		E800000000000000000000E8 /* Preview Assets.xcassets in Resources */ = {isa = PBXBuildFile; fileRef = F800000000000000000000F8 /* Preview Assets.xcassets */; };
		EA00000000000000000000EA /* RecentPDFsStore.swift in Sources */ = {isa = PBXBuildFile; fileRef = FA00000000000000000000FA /* RecentPDFsStore.swift */; };
		EB00000000000000000000EB /* AppSettings.swift in Sources */ = {isa = PBXBuildFile; fileRef = FB00000000000000000000FB /* AppSettings.swift */; };
		EC00000000000000000000EC /* SettingsView.swift in Sources */ = {isa = PBXBuildFile; fileRef = FC00000000000000000000FC /* SettingsView.swift */; };
		ED00000000000000000000ED /* ReflowCache.swift in Sources */ = {isa = PBXBuildFile; fileRef = FD00000000000000000000FD /* ReflowCache.swift */; };
		EE00000000000000000000EE /* ReflowDurationEstimator.swift in Sources */ = {isa = PBXBuildFile; fileRef = FE00000000000000000000FE /* ReflowDurationEstimator.swift */; };
		E600000000000000000000E6 /* Assets.xcassets in Resources */ = {isa = PBXBuildFile; fileRef = F600000000000000000000F6 /* Assets.xcassets */; };
		E700000000000000000000E7 /* ReflowBridge in Resources */ = {isa = PBXBuildFile; fileRef = F700000000000000000000F7 /* ReflowBridge */; };
		E800000000000000000000E8 /* Preview Assets.xcassets in Resources */ = {isa = PBXBuildFile; fileRef = F800000000000000000000F8 /* Preview Assets.xcassets */; };
/* End PBXBuildFile section */

/* Begin PBXFileReference section */
		F100000000000000000000F1 /* PDFReflowApp.swift */ = {isa = PBXFileReference; lastKnownFileType = sourcecode.swift; path = PDFReflowApp.swift; sourceTree = "<group>"; };
		F200000000000000000000F2 /* ContentView.swift */ = {isa = PBXFileReference; lastKnownFileType = sourcecode.swift; path = ContentView.swift; sourceTree = "<group>"; };
		F300000000000000000000F3 /* PDFViewer.swift */ = {isa = PBXFileReference; lastKnownFileType = sourcecode.swift; path = PDFViewer.swift; sourceTree = "<group>"; };
		F400000000000000000000F4 /* ReflowEngine.swift */ = {isa = PBXFileReference; lastKnownFileType = sourcecode.swift; path = ReflowEngine.swift; sourceTree = "<group>"; };
		F500000000000000000000F5 /* BridgeSchemeHandler.swift */ = {isa = PBXFileReference; lastKnownFileType = sourcecode.swift; path = BridgeSchemeHandler.swift; sourceTree = "<group>"; };
		FA00000000000000000000FA /* RecentPDFsStore.swift */ = {isa = PBXFileReference; lastKnownFileType = sourcecode.swift; path = RecentPDFsStore.swift; sourceTree = "<group>"; };
		FB00000000000000000000FB /* AppSettings.swift */ = {isa = PBXFileReference; lastKnownFileType = sourcecode.swift; path = AppSettings.swift; sourceTree = "<group>"; };
		FC00000000000000000000FC /* SettingsView.swift */ = {isa = PBXFileReference; lastKnownFileType = sourcecode.swift; path = SettingsView.swift; sourceTree = "<group>"; };
		FD00000000000000000000FD /* ReflowCache.swift */ = {isa = PBXFileReference; lastKnownFileType = sourcecode.swift; path = ReflowCache.swift; sourceTree = "<group>"; };
		FE00000000000000000000FE /* ReflowDurationEstimator.swift */ = {isa = PBXFileReference; lastKnownFileType = sourcecode.swift; path = ReflowDurationEstimator.swift; sourceTree = "<group>"; };
		F600000000000000000000F6 /* Assets.xcassets */ = {isa = PBXFileReference; lastKnownFileType = folder.assetcatalog; path = Assets.xcassets; sourceTree = "<group>"; };
		F700000000000000000000F7 /* ReflowBridge */ = {isa = PBXFileReference; lastKnownFileType = folder; path = ReflowBridge; sourceTree = "<group>"; };
		F800000000000000000000F8 /* Preview Assets.xcassets */ = {isa = PBXFileReference; lastKnownFileType = folder.assetcatalog; path = "Preview Assets.xcassets"; sourceTree = "<group>"; };
		F900000000000000000000F9 /* PDFReflow.app */ = {isa = PBXFileReference; explicitFileType = wrapper.application; includeInIndex = 0; path = PDFReflow.app; sourceTree = BUILT_PRODUCTS_DIR; };
		FA00000000000000000000FA /* RecentPDFsStore.swift */ = {isa = PBXFileReference; lastKnownFileType = sourcecode.swift; path = RecentPDFsStore.swift; sourceTree = "<group>"; };
		FB00000000000000000000FB /* AppSettings.swift */ = {isa = PBXFileReference; lastKnownFileType = sourcecode.swift; path = AppSettings.swift; sourceTree = "<group>"; };
		FC00000000000000000000FC /* SettingsView.swift */ = {isa = PBXFileReference; lastKnownFileType = sourcecode.swift; path = SettingsView.swift; sourceTree = "<group>"; };
		FD00000000000000000000FD /* ReflowCache.swift */ = {isa = PBXFileReference; lastKnownFileType = sourcecode.swift; path = ReflowCache.swift; sourceTree = "<group>"; };
/* End PBXFileReference section */

/* Begin PBXFrameworksBuildPhase section */
		C200000000000000000000C2 /* Frameworks */ = {
			isa = PBXFrameworksBuildPhase;
			buildActionMask = 2147483647;
			files = (
			);
			runOnlyForDeploymentPostprocessing = 0;
		};
/* End PBXFrameworksBuildPhase section */

/* Begin PBXGroup section */
		D000000000000000000000D0 = {
			isa = PBXGroup;
			children = (
				D100000000000000000000D1 /* PDFReflow */,
				D200000000000000000000D2 /* Products */,
			);
			sourceTree = "<group>";
		};
		D100000000000000000000D1 /* PDFReflow */ = {
			isa = PBXGroup;
			children = (
				F100000000000000000000F1 /* PDFReflowApp.swift */,
				F200000000000000000000F2 /* ContentView.swift */,
				F300000000000000000000F3 /* PDFViewer.swift */,
				F400000000000000000000F4 /* ReflowEngine.swift */,
				F500000000000000000000F5 /* BridgeSchemeHandler.swift */,
				FA00000000000000000000FA /* RecentPDFsStore.swift */,
				FB00000000000000000000FB /* AppSettings.swift */,
				FC00000000000000000000FC /* SettingsView.swift */,
				FD00000000000000000000FD /* ReflowCache.swift */,
				FE00000000000000000000FE /* ReflowDurationEstimator.swift */,
				F700000000000000000000F7 /* ReflowBridge */,
				F600000000000000000000F6 /* Assets.xcassets */,
				D300000000000000000000D3 /* Preview Content */,
			);
			path = PDFReflow;
			sourceTree = "<group>";
		};
		D200000000000000000000D2 /* Products */ = {
			isa = PBXGroup;
			children = (
				F900000000000000000000F9 /* PDFReflow.app */,
			);
			name = Products;
			sourceTree = "<group>";
		};
		D300000000000000000000D3 /* Preview Content */ = {
			isa = PBXGroup;
			children = (
				F800000000000000000000F8 /* Preview Assets.xcassets */,
			);
			path = "Preview Content";
			sourceTree = "<group>";
		};
/* End PBXGroup section */

/* Begin PBXNativeTarget section */
		BBBBBBBBBBBBBBBBBBBBBBBB /* PDFReflow */ = {
			isa = PBXNativeTarget;
			buildConfigurationList = BCBCBCBCBCBCBCBCBCBCBCBC /* Build configuration list for PBXNativeTarget "PDFReflow" */;
			buildPhases = (
				C100000000000000000000C1 /* Sources */,
				C200000000000000000000C2 /* Frameworks */,
				C300000000000000000000C3 /* Resources */,
				C400000000000000000000C4 /* Copy pdf_reflow assets into bundle */,
			);
			buildRules = (
			);
			dependencies = (
			);
			name = PDFReflow;
			productName = PDFReflow;
			productReference = F900000000000000000000F9 /* PDFReflow.app */;
			productType = "com.apple.product-type.application";
		};
/* End PBXNativeTarget section */

/* Begin PBXProject section */
		AAAAAAAAAAAAAAAAAAAAAAAA /* Project object */ = {
			isa = PBXProject;
			attributes = {
				LastSwiftUpdateCheck = 1510;
				LastUpgradeCheck = 1510;
				TargetAttributes = {
					BBBBBBBBBBBBBBBBBBBBBBBB = {
						CreatedOnToolsVersion = 15.1;
					};
				};
			};
			buildConfigurationList = ABABABABABABABABABABABAB /* Build configuration list for PBXProject "PDFReflow" */;
			compatibilityVersion = "Xcode 14.0";
			developmentRegion = en;
			hasScannedForEncodings = 0;
			knownRegions = (
				en,
				Base,
			);
			mainGroup = D000000000000000000000D0;
			productRefGroup = D200000000000000000000D2 /* Products */;
			projectDirPath = "";
			projectRoot = "";
			targets = (
				BBBBBBBBBBBBBBBBBBBBBBBB /* PDFReflow */,
			);
		};
/* End PBXProject section */

/* Begin PBXResourcesBuildPhase section */
		C300000000000000000000C3 /* Resources */ = {
			isa = PBXResourcesBuildPhase;
			buildActionMask = 2147483647;
			files = (
				E800000000000000000000E8 /* Preview Assets.xcassets in Resources */,
				E700000000000000000000E7 /* ReflowBridge in Resources */,
				E600000000000000000000E6 /* Assets.xcassets in Resources */,
			);
			runOnlyForDeploymentPostprocessing = 0;
		};
/* End PBXResourcesBuildPhase section */

/* Begin PBXShellScriptBuildPhase section */
		C400000000000000000000C4 /* Copy pdf_reflow assets into bundle */ = {
			isa = PBXShellScriptBuildPhase;
			alwaysOutOfDate = 1;
			buildActionMask = 2147483647;
			files = (
			);
			inputFileListPaths = (
			);
			inputPaths = (
			);
			name = "Copy pdf_reflow assets into bundle";
			outputFileListPaths = (
			);
			outputPaths = (
			);
			runOnlyForDeploymentPostprocessing = 0;
			shellPath = /bin/sh;
			shellScript = "set -euo pipefail\nBRIDGE=\"${BUILT_PRODUCTS_DIR}/${UNLOCALIZED_RESOURCES_FOLDER_PATH}/ReflowBridge\"\nmkdir -p \"$BRIDGE/pdf_reflow\"\ncp -f \"${SRCROOT}/../src/pdf_reflow/\"*.py \"$BRIDGE/pdf_reflow/\"\nif [ -f \"${SRCROOT}/../web/wheels/pymupdf.whl\" ]; then\n  cp -f \"${SRCROOT}/../web/wheels/pymupdf.whl\" \"$BRIDGE/pymupdf.whl\"\nelse\n  echo \"warning: web/wheels/pymupdf.whl not found — build it first with web/build-pymupdf-wheel.sh\" >&2\nfi\necho \"note: copied pdf_reflow sources + pymupdf.whl into $BRIDGE\"\n";
		};
/* End PBXShellScriptBuildPhase section */

/* Begin PBXSourcesBuildPhase section */
		C100000000000000000000C1 /* Sources */ = {
			isa = PBXSourcesBuildPhase;
			buildActionMask = 2147483647;
			files = (
				E100000000000000000000E1 /* PDFReflowApp.swift in Sources */,
				E200000000000000000000E2 /* ContentView.swift in Sources */,
				E300000000000000000000E3 /* PDFViewer.swift in Sources */,
				E400000000000000000000E4 /* ReflowEngine.swift in Sources */,
				E500000000000000000000E5 /* BridgeSchemeHandler.swift in Sources */,
				EA00000000000000000000EA /* RecentPDFsStore.swift in Sources */,
				EB00000000000000000000EB /* AppSettings.swift in Sources */,
				EC00000000000000000000EC /* SettingsView.swift in Sources */,
				ED00000000000000000000ED /* ReflowCache.swift in Sources */,
				EE00000000000000000000EE /* ReflowDurationEstimator.swift in Sources */,
			);
			runOnlyForDeploymentPostprocessing = 0;
		};
/* End PBXSourcesBuildPhase section */

/* Begin XCBuildConfiguration section */
		ACACACACACACACACACACACAC /* Debug */ = {
			isa = XCBuildConfiguration;
			buildSettings = {
				ALWAYS_SEARCH_USER_PATHS = NO;
				ASSETCATALOG_COMPILER_GENERATE_SWIFT_ASSET_SYMBOL_EXTENSIONS = YES;
				CLANG_ANALYZER_NONNULL = YES;
				CLANG_ANALYZER_NUMBER_OBJECT_CONVERSION = YES_AGGRESSIVE;
				CLANG_CXX_LANGUAGE_STANDARD = "gnu++20";
				CLANG_ENABLE_MODULES = YES;
				CLANG_ENABLE_OBJC_ARC = YES;
				CLANG_ENABLE_OBJC_WEAK = YES;
				CLANG_WARN_BLOCK_CAPTURE_AUTORELEASING = YES;
				CLANG_WARN_BOOL_CONVERSION = YES;
				CLANG_WARN_COMMA = YES;
				CLANG_WARN_CONSTANT_CONVERSION = YES;
				CLANG_WARN_DEPRECATED_OBJC_IMPLEMENTATIONS = YES;
				CLANG_WARN_DIRECT_OBJC_ISA_USAGE = YES_ERROR;
				CLANG_WARN_DOCUMENTATION_COMMENTS = YES;
				CLANG_WARN_EMPTY_BODY = YES;
				CLANG_WARN_ENUM_CONVERSION = YES;
				CLANG_WARN_INFINITE_RECURSION = YES;
				CLANG_WARN_INT_CONVERSION = YES;
				CLANG_WARN_NON_LITERAL_NULL_CONVERSION = YES;
				CLANG_WARN_OBJC_IMPLICIT_RETAIN_SELF = YES;
				CLANG_WARN_OBJC_LITERAL_CONVERSION = YES;
				CLANG_WARN_OBJC_ROOT_CLASS = YES_ERROR;
				CLANG_WARN_QUOTED_INCLUDE_IN_FRAMEWORK_HEADER = YES;
				CLANG_WARN_RANGE_LOOP_ANALYSIS = YES;
				CLANG_WARN_STRICT_PROTOTYPES = YES;
				CLANG_WARN_SUSPICIOUS_MOVE = YES;
				CLANG_WARN_UNGUARDED_AVAILABILITY = YES_AGGRESSIVE;
				CLANG_WARN_UNREACHABLE_CODE = YES;
				CLANG_WARN__DUPLICATE_METHOD_MATCH = YES;
				COPY_PHASE_STRIP = NO;
				DEBUG_INFORMATION_FORMAT = dwarf;
				ENABLE_STRICT_OBJC_MSGSEND = YES;
				ENABLE_TESTABILITY = YES;
				ENABLE_USER_SCRIPT_SANDBOXING = NO;
				GCC_C_LANGUAGE_STANDARD = gnu17;
				GCC_DYNAMIC_NO_PIC = NO;
				GCC_NO_COMMON_BLOCKS = YES;
				GCC_OPTIMIZATION_LEVEL = 0;
				GCC_PREPROCESSOR_DEFINITIONS = (
					"DEBUG=1",
					"$(inherited)",
				);
				GCC_WARN_64_TO_32_BIT_CONVERSION = YES;
				GCC_WARN_ABOUT_RETURN_TYPE = YES_ERROR;
				GCC_WARN_UNDECLARED_SELECTOR = YES;
				GCC_WARN_UNINITIALIZED_AUTOS = YES_AGGRESSIVE;
				GCC_WARN_UNUSED_FUNCTION = YES;
				GCC_WARN_UNUSED_VARIABLE = YES;
				IPHONEOS_DEPLOYMENT_TARGET = 17.0;
				LOCALIZATION_PREFERS_STRING_CATALOGS = YES;
				MTL_ENABLE_DEBUG_INFO = INCLUDE_SOURCE;
				MTL_FAST_MATH = YES;
				ONLY_ACTIVE_ARCH = YES;
				SDKROOT = iphoneos;
				SWIFT_ACTIVE_COMPILATION_CONDITIONS = "DEBUG $(inherited)";
				SWIFT_OPTIMIZATION_LEVEL = "-Onone";
			};
			name = Debug;
		};
		ADADADADADADADADADADADAD /* Release */ = {
			isa = XCBuildConfiguration;
			buildSettings = {
				ALWAYS_SEARCH_USER_PATHS = NO;
				ASSETCATALOG_COMPILER_GENERATE_SWIFT_ASSET_SYMBOL_EXTENSIONS = YES;
				CLANG_ANALYZER_NONNULL = YES;
				CLANG_ANALYZER_NUMBER_OBJECT_CONVERSION = YES_AGGRESSIVE;
				CLANG_CXX_LANGUAGE_STANDARD = "gnu++20";
				CLANG_ENABLE_MODULES = YES;
				CLANG_ENABLE_OBJC_ARC = YES;
				CLANG_ENABLE_OBJC_WEAK = YES;
				CLANG_WARN_BLOCK_CAPTURE_AUTORELEASING = YES;
				CLANG_WARN_BOOL_CONVERSION = YES;
				CLANG_WARN_COMMA = YES;
				CLANG_WARN_CONSTANT_CONVERSION = YES;
				CLANG_WARN_DEPRECATED_OBJC_IMPLEMENTATIONS = YES;
				CLANG_WARN_DIRECT_OBJC_ISA_USAGE = YES_ERROR;
				CLANG_WARN_DOCUMENTATION_COMMENTS = YES;
				CLANG_WARN_EMPTY_BODY = YES;
				CLANG_WARN_ENUM_CONVERSION = YES;
				CLANG_WARN_INFINITE_RECURSION = YES;
				CLANG_WARN_INT_CONVERSION = YES;
				CLANG_WARN_NON_LITERAL_NULL_CONVERSION = YES;
				CLANG_WARN_OBJC_IMPLICIT_RETAIN_SELF = YES;
				CLANG_WARN_OBJC_LITERAL_CONVERSION = YES;
				CLANG_WARN_OBJC_ROOT_CLASS = YES_ERROR;
				CLANG_WARN_QUOTED_INCLUDE_IN_FRAMEWORK_HEADER = YES;
				CLANG_WARN_RANGE_LOOP_ANALYSIS = YES;
				CLANG_WARN_STRICT_PROTOTYPES = YES;
				CLANG_WARN_SUSPICIOUS_MOVE = YES;
				CLANG_WARN_UNGUARDED_AVAILABILITY = YES_AGGRESSIVE;
				CLANG_WARN_UNREACHABLE_CODE = YES;
				CLANG_WARN__DUPLICATE_METHOD_MATCH = YES;
				COPY_PHASE_STRIP = NO;
				DEBUG_INFORMATION_FORMAT = "dwarf-with-dsym";
				ENABLE_NS_ASSERTIONS = NO;
				ENABLE_STRICT_OBJC_MSGSEND = YES;
				ENABLE_USER_SCRIPT_SANDBOXING = NO;
				GCC_C_LANGUAGE_STANDARD = gnu17;
				GCC_NO_COMMON_BLOCKS = YES;
				GCC_WARN_64_TO_32_BIT_CONVERSION = YES;
				GCC_WARN_ABOUT_RETURN_TYPE = YES_ERROR;
				GCC_WARN_UNDECLARED_SELECTOR = YES;
				GCC_WARN_UNINITIALIZED_AUTOS = YES_AGGRESSIVE;
				GCC_WARN_UNUSED_FUNCTION = YES;
				GCC_WARN_UNUSED_VARIABLE = YES;
				IPHONEOS_DEPLOYMENT_TARGET = 17.0;
				LOCALIZATION_PREFERS_STRING_CATALOGS = YES;
				MTL_ENABLE_DEBUG_INFO = NO;
				MTL_FAST_MATH = YES;
				SDKROOT = iphoneos;
				SWIFT_COMPILATION_MODE = wholemodule;
				VALIDATE_PRODUCT = YES;
			};
			name = Release;
		};
		BDBDBDBDBDBDBDBDBDBDBDBD /* Debug */ = {
			isa = XCBuildConfiguration;
			buildSettings = {
				ASSETCATALOG_COMPILER_APPICON_NAME = AppIcon;
				ASSETCATALOG_COMPILER_GLOBAL_ACCENT_COLOR_NAME = AccentColor;
				CODE_SIGN_STYLE = Automatic;
				CURRENT_PROJECT_VERSION = 1;
				DEVELOPMENT_ASSET_PATHS = "\"PDFReflow/Preview Content\"";
				DEVELOPMENT_TEAM = Q5M43LPRH2;
				ENABLE_PREVIEWS = YES;
				GENERATE_INFOPLIST_FILE = YES;
				INFOPLIST_KEY_CFBundleDisplayName = "PDF Reflow";
				INFOPLIST_KEY_UIApplicationSceneManifest_Generation = YES;
				INFOPLIST_KEY_UIApplicationSupportsIndirectInputEvents = YES;
				INFOPLIST_KEY_UILaunchScreen_Generation = YES;
				INFOPLIST_KEY_UISupportedInterfaceOrientations_iPad = "UIInterfaceOrientationPortrait UIInterfaceOrientationPortraitUpsideDown UIInterfaceOrientationLandscapeLeft UIInterfaceOrientationLandscapeRight";
				INFOPLIST_KEY_UISupportedInterfaceOrientations_iPhone = "UIInterfaceOrientationPortrait UIInterfaceOrientationLandscapeLeft UIInterfaceOrientationLandscapeRight";
				IPHONEOS_DEPLOYMENT_TARGET = 17.0;
				LD_RUNPATH_SEARCH_PATHS = (
					"$(inherited)",
					"@executable_path/Frameworks",
				);
				MARKETING_VERSION = 1.0;
				PRODUCT_BUNDLE_IDENTIFIER = com.josherich.pdfreflow;
				PRODUCT_NAME = "$(TARGET_NAME)";
				SWIFT_EMIT_LOC_STRINGS = YES;
				SWIFT_VERSION = 5.0;
				TARGETED_DEVICE_FAMILY = "1,2";
			};
			name = Debug;
		};
		BEBEBEBEBEBEBEBEBEBEBEBE /* Release */ = {
			isa = XCBuildConfiguration;
			buildSettings = {
				ASSETCATALOG_COMPILER_APPICON_NAME = AppIcon;
				ASSETCATALOG_COMPILER_GLOBAL_ACCENT_COLOR_NAME = AccentColor;
				CODE_SIGN_STYLE = Automatic;
				CURRENT_PROJECT_VERSION = 1;
				DEVELOPMENT_ASSET_PATHS = "\"PDFReflow/Preview Content\"";
				DEVELOPMENT_TEAM = Q5M43LPRH2;
				ENABLE_PREVIEWS = YES;
				GENERATE_INFOPLIST_FILE = YES;
				INFOPLIST_KEY_CFBundleDisplayName = "PDF Reflow";
				INFOPLIST_KEY_UIApplicationSceneManifest_Generation = YES;
				INFOPLIST_KEY_UIApplicationSupportsIndirectInputEvents = YES;
				INFOPLIST_KEY_UILaunchScreen_Generation = YES;
				INFOPLIST_KEY_UISupportedInterfaceOrientations_iPad = "UIInterfaceOrientationPortrait UIInterfaceOrientationPortraitUpsideDown UIInterfaceOrientationLandscapeLeft UIInterfaceOrientationLandscapeRight";
				INFOPLIST_KEY_UISupportedInterfaceOrientations_iPhone = "UIInterfaceOrientationPortrait UIInterfaceOrientationLandscapeLeft UIInterfaceOrientationLandscapeRight";
				IPHONEOS_DEPLOYMENT_TARGET = 17.0;
				LD_RUNPATH_SEARCH_PATHS = (
					"$(inherited)",
					"@executable_path/Frameworks",
				);
				MARKETING_VERSION = 1.0;
				PRODUCT_BUNDLE_IDENTIFIER = com.josherich.pdfreflow;
				PRODUCT_NAME = "$(TARGET_NAME)";
				SWIFT_EMIT_LOC_STRINGS = YES;
				SWIFT_VERSION = 5.0;
				TARGETED_DEVICE_FAMILY = "1,2";
			};
			name = Release;
		};
/* End XCBuildConfiguration section */

/* Begin XCConfigurationList section */
		ABABABABABABABABABABABAB /* Build configuration list for PBXProject "PDFReflow" */ = {
			isa = XCConfigurationList;
			buildConfigurations = (
				ACACACACACACACACACACACAC /* Debug */,
				ADADADADADADADADADADADAD /* Release */,
			);
			defaultConfigurationIsVisible = 0;
			defaultConfigurationName = Release;
		};
		BCBCBCBCBCBCBCBCBCBCBCBC /* Build configuration list for PBXNativeTarget "PDFReflow" */ = {
			isa = XCConfigurationList;
			buildConfigurations = (
				BDBDBDBDBDBDBDBDBDBDBDBD /* Debug */,
				BEBEBEBEBEBEBEBEBEBEBEBE /* Release */,
			);
			defaultConfigurationIsVisible = 0;
			defaultConfigurationName = Release;
		};
/* End XCConfigurationList section */
	};
	rootObject = AAAAAAAAAAAAAAAAAAAAAAAA /* Project object */;
}
